{
  "name": "driver-box",
  "lockfileVersion": 2,
  "requires": true,
  "packages": {
    "": {
      "devDependencies": {
        "daisyui": "^5.0.51"
      }
    },
    "node_modules/daisyui": {
      "version": "5.0.51",
      "resolved": "https://registry.npmjs.org/daisyui/-/daisyui-5.0.51.tgz",
      "integrity": "sha512-lhB0BBOjt43/t5S1my0XChMy3ClXfmGlDU/XmSlx+N0h2y7cyWF+cnheeemguxNHb9TjqI66mxKI9qiFsOU3mA==",
      "dev": true,
      "funding": {
        "url": "https://github.com/saadeghi/daisyui?sponsor=1"
      }
    }
  },
  "dependencies": {
    "daisyui": {
      "version": "5.0.51",
      "resolved": "https://registry.npmjs.org/daisyui/-/daisyui-5.0.51.tgz",
      "integrity": "sha512-lhB0BBOjt43/t5S1my0XChMy3ClXfmGlDU/XmSlx+N0h2y7cyWF+cnheeemguxNHb9TjqI66mxKI9qiFsOU3mA==",
      "dev": true
    }
  }
}
